{
  "nodes": {
    "beads": {
      "inputs": {
        "flake-utils": "flake-utils",
        "nixpkgs": "nixpkgs"
      },
      "locked": {
        "lastModified": 1760517296,
        "narHash": "sha256-0dBJkE4lVZctBI521dVdNz9i4kJ2ddhUvvI0q2yZNew=",
        "owner": "williballenthin",
        "repo": "beads",
        "rev": "476d8835fe526db0483dc549df1081da83c834dd",
        "type": "github"
      },
      "original": {
        "owner": "williballenthin",
        "ref": "feat/nix-flake",
        "repo": "beads",
        "type": "github"
      }
    },
    "cc-statusline": {
      "inputs": {
        "flake-utils": "flake-utils_2",
        "nixpkgs": "nixpkgs_2"
      },
      "locked": {
        "dir": "claude/statuslines/contextusage",
        "lastModified": 1761213916,
        "narHash": "sha256-W+xyE6Avm4ENFFQk6jKu93LcFMnTUlt6dgnLT/4Mu/0=",
        "owner": "williballenthin",
        "repo": "aiwilli",
        "rev": "f1a40e462aab1a25b97a5a080bd32673eb97f5b3",
        "type": "github"
      },
      "original": {
        "dir": "claude/statuslines/contextusage",
        "owner": "williballenthin",
        "repo": "aiwilli",
        "type": "github"
      }
    },
    "flake-utils": {
      "inputs": {
        "systems": "systems"
      },
      "locked": {
        "lastModified": 1731533236,
        "narHash": "sha256-l0KFg5HjrsfsO/JpG+r7fRrqm12kzFHyUHqHCVpMMbI=",
        "owner": "numtide",
        "repo": "flake-utils",
        "rev": "11707dc2f618dd54ca8739b309ec4fc024de578b",
        "type": "github"
      },
      "original": {
        "owner": "numtide",
        "repo": "flake-utils",
        "type": "github"
      }
    },
    "flake-utils_2": {
      "inputs": {
        "systems": "systems_2"
      },
      "locked": {
        "lastModified": 1731533236,
        "narHash": "sha256-l0KFg5HjrsfsO/JpG+r7fRrqm12kzFHyUHqHCVpMMbI=",
        "owner": "numtide",
        "repo": "flake-utils",
        "rev": "11707dc2f618dd54ca8739b309ec4fc024de578b",
        "type": "github"
      },
      "original": {
        "owner": "numtide",
        "repo": "flake-utils",
        "type": "github"
      }
    },
    "flake-utils_3": {
      "inputs": {
        "systems": "systems_3"
      },
      "locked": {
        "lastModified": 1731533236,
        "narHash": "sha256-l0KFg5HjrsfsO/JpG+r7fRrqm12kzFHyUHqHCVpMMbI=",
        "owner": "numtide",
        "repo": "flake-utils",
        "rev": "11707dc2f618dd54ca8739b309ec4fc024de578b",
        "type": "github"
      },
      "original": {
        "owner": "numtide",
        "repo": "flake-utils",
        "type": "github"
      }
    },
    "home-manager": {
      "inputs": {
        "nixpkgs": [
          "nixpkgs"
        ]
      },
      "locked": {
        "lastModified": 1759261733,
        "narHash": "sha256-G104PUPKBgJmcu4NWs0LUaPpSOTD4jiq4mamLWu3Oc0=",
        "owner": "nix-community",
        "repo": "home-manager",
        "rev": "5a21f4819ee1be645f46d6b255d49f4271ef6723",
        "type": "github"
      },
      "original": {
        "owner": "nix-community",
        "repo": "home-manager",
        "type": "github"
      }
    },
    "isd": {
      "inputs": {
        "nixpkgs": "nixpkgs_3",
        "pyproject-build-systems": "pyproject-build-systems",
        "pyproject-nix": "pyproject-nix",
        "systems": "systems_4",
        "uv2nix": "uv2nix"
      },
      "locked": {
        "lastModified": 1759060574,
        "narHash": "sha256-jvJ8YXHKVAY1Af6PZWP0ml8mIEMBLcZSPgpXzVZcoS8=",
        "owner": "isd-project",
        "repo": "isd",
        "rev": "b117bfb4e81b205eab95bcd1531a859f400b329c",
        "type": "github"
      },
      "original": {
        "owner": "isd-project",
        "repo": "isd",
        "type": "github"
      }
    },
    "nixpkgs": {
      "locked": {
        "lastModified": 1760284886,
        "narHash": "sha256-TK9Kr0BYBQ/1P5kAsnNQhmWWKgmZXwUQr4ZMjCzWf2c=",
        "owner": "NixOS",
        "repo": "nixpkgs",
        "rev": "cf3f5c4def3c7b5f1fc012b3d839575dbe552d43",
        "type": "github"
      },
      "original": {
        "owner": "NixOS",
        "ref": "nixos-unstable",
        "repo": "nixpkgs",
        "type": "github"
      }
    },
    "nixpkgs_2": {
      "locked": {
        "lastModified": 1761016216,
        "narHash": "sha256-G/iC4t/9j/52i/nm+0/4ybBmAF4hzR8CNHC75qEhjHo=",
        "owner": "NixOS",
        "repo": "nixpkgs",
        "rev": "481cf557888e05d3128a76f14c76397b7d7cc869",
        "type": "github"
      },
      "original": {
        "owner": "NixOS",
        "ref": "nixos-25.05",
        "repo": "nixpkgs",
        "type": "github"
      }
    },
    "nixpkgs_3": {
      "locked": {
        "lastModified": 1752420492,
        "narHash": "sha256-uWcfrSsZx6JtaT1Kk2bH1KXSEeMlWZDrtRJMbDwQ+WM=",
        "owner": "NixOS",
        "repo": "nixpkgs",
        "rev": "7b97e6af56236c461d5c518361b24a01d1466248",
        "type": "github"
      },
      "original": {
        "owner": "NixOS",
        "ref": "release-25.05",
        "repo": "nixpkgs",
        "type": "github"
      }
    },
    "nixpkgs_4": {
      "locked": {
        "lastModified": 1759036355,
        "narHash": "sha256-0m27AKv6ka+q270dw48KflE0LwQYrO7Fm4/2//KCVWg=",
        "owner": "nixos",
        "repo": "nixpkgs",
        "rev": "e9f00bd893984bc8ce46c895c3bf7cac95331127",
        "type": "github"
      },
      "original": {
        "owner": "nixos",
        "ref": "nixos-unstable",
        "repo": "nixpkgs",
        "type": "github"
      }
    },
    "pyproject-build-systems": {
      "inputs": {
        "nixpkgs": [
          "isd",
          "nixpkgs"
        ],
        "pyproject-nix": [
          "isd",
          "pyproject-nix"
        ],
        "uv2nix": [
          "isd",
          "uv2nix"
        ]
      },
      "locked": {
        "lastModified": 1749519371,
        "narHash": "sha256-UJONN7mA2stweZCoRcry2aa1XTTBL0AfUOY84Lmqhos=",
        "owner": "pyproject-nix",
        "repo": "build-system-pkgs",
        "rev": "7c06967eca687f3482624250428cc12f43c92523",
        "type": "github"
      },
      "original": {
        "owner": "pyproject-nix",
        "repo": "build-system-pkgs",
        "type": "github"
      }
    },
    "pyproject-nix": {
      "inputs": {
        "nixpkgs": [
          "isd",
          "nixpkgs"
        ]
      },
      "locked": {
        "lastModified": 1751557494,
        "narHash": "sha256-dnueIffmEKtG0V4feifalsOYaHXXsrGMaoKI+4O7v/8=",
        "owner": "pyproject-nix",
        "repo": "pyproject.nix",
        "rev": "939ef94aea81c17bfd2f388465309eab76c45c37",
        "type": "github"
      },
      "original": {
        "owner": "pyproject-nix",
        "repo": "pyproject.nix",
        "type": "github"
      }
    },
    "root": {
      "inputs": {
        "beads": "beads",
        "cc-statusline": "cc-statusline",
        "flake-utils": "flake-utils_3",
        "home-manager": "home-manager",
        "isd": "isd",
        "nixpkgs": "nixpkgs_4"
      }
    },
    "systems": {
      "locked": {
        "lastModified": 1681028828,
        "narHash": "sha256-Vy1rq5AaRuLzOxct8nz4T6wlgyUR7zLU309k9mBC768=",
        "owner": "nix-systems",
        "repo": "default",
        "rev": "da67096a3b9bf56a91d16901293e51ba5b49a27e",
        "type": "github"
      },
      "original": {
        "owner": "nix-systems",
        "repo": "default",
        "type": "github"
      }
    },
    "systems_2": {
      "locked": {
        "lastModified": 1681028828,
        "narHash": "sha256-Vy1rq5AaRuLzOxct8nz4T6wlgyUR7zLU309k9mBC768=",
        "owner": "nix-systems",
        "repo": "default",
        "rev": "da67096a3b9bf56a91d16901293e51ba5b49a27e",
        "type": "github"
      },
      "original": {
        "owner": "nix-systems",
        "repo": "default",
        "type": "github"
      }
    },
    "systems_3": {
      "locked": {
        "lastModified": 1681028828,
        "narHash": "sha256-Vy1rq5AaRuLzOxct8nz4T6wlgyUR7zLU309k9mBC768=",
        "owner": "nix-systems",
        "repo": "default",
        "rev": "da67096a3b9bf56a91d16901293e51ba5b49a27e",
        "type": "github"
      },
      "original": {
        "owner": "nix-systems",
        "repo": "default",
        "type": "github"
      }
    },
    "systems_4": {
      "locked": {
        "lastModified": 1689347949,
        "narHash": "sha256-12tWmuL2zgBgZkdoB6qXZsgJEH9LR3oUgpaQq2RbI80=",
        "owner": "nix-systems",
        "repo": "default-linux",
        "rev": "31732fcf5e8fea42e59c2488ad31a0e651500f68",
        "type": "github"
      },
      "original": {
        "owner": "nix-systems",
        "repo": "default-linux",
        "type": "github"
      }
    },
    "uv2nix": {
      "inputs": {
        "nixpkgs": [
          "isd",
          "nixpkgs"
        ],
        "pyproject-nix": [
          "isd",
          "pyproject-nix"
        ]
      },
      "locked": {
        "lastModified": 1752195249,
        "narHash": "sha256-xJ4P6Ekm1tQTtUHboca+vqosXQZHPCDTYOq/HfZ6o1M=",
        "owner": "pyproject-nix",
        "repo": "uv2nix",
        "rev": "06b039bb2fa0bc57ac6e611e05de70d36bb1af8b",
        "type": "github"
      },
      "original": {
        "owner": "pyproject-nix",
        "repo": "uv2nix",
        "type": "github"
      }
    }
  },
  "root": "root",
  "version": 7
}
